// !$*UTF8*$!
{
	archiveVersion = 1;
	classes = {
	};
	objectVersion = 46;
	objects = {

/* Begin PBXBuildFile section */
		4A0251541E995662004B732A /* User.swift in Sources */ = {isa = PBXBuildFile; fileRef = 4A0251531E995662004B732A /* User.swift */; };
		4A0251561E99566C004B732A /* Tweet.swift in Sources */ = {isa = PBXBuildFile; fileRef = 4A0251551E99566C004B732A /* Tweet.swift */; };
		4A0251581E995AF9004B732A /* TwitterClient.swift in Sources */ = {isa = PBXBuildFile; fileRef = 4A0251571E995AF9004B732A /* TwitterClient.swift */; };
		4A02515A1E9962D6004B732A /* TweetsViewController.swift in Sources */ = {isa = PBXBuildFile; fileRef = 4A0251591E9962D6004B732A /* TweetsViewController.swift */; };
		4A02515C1E998CDC004B732A /* TweetCell.swift in Sources */ = {isa = PBXBuildFile; fileRef = 4A02515B1E998CDC004B732A /* TweetCell.swift */; };
		4A02515E1E999640004B732A /* ComposeTweetViewController.swift in Sources */ = {isa = PBXBuildFile; fileRef = 4A02515D1E999640004B732A /* ComposeTweetViewController.swift */; };
		4A0251601E999E3C004B732A /* TweetViewController.swift in Sources */ = {isa = PBXBuildFile; fileRef = 4A02515F1E999E3C004B732A /* TweetViewController.swift */; };
		4A0251621E99A82C004B732A /* reply.pdf in Resources */ = {isa = PBXBuildFile; fileRef = 4A0251611E99A82C004B732A /* reply.pdf */; };
		4A0251641E99AB8B004B732A /* ProfileViewController.swift in Sources */ = {isa = PBXBuildFile; fileRef = 4A0251631E99AB8B004B732A /* ProfileViewController.swift */; };
		4A0251661E99EE4D004B732A /* HamburgerViewController.swift in Sources */ = {isa = PBXBuildFile; fileRef = 4A0251651E99EE4D004B732A /* HamburgerViewController.swift */; };
		4A0251681E99F263004B732A /* MenuViewController.swift in Sources */ = {isa = PBXBuildFile; fileRef = 4A0251671E99F263004B732A /* MenuViewController.swift */; };
		4A02516A1E99F29B004B732A /* MenuCell.swift in Sources */ = {isa = PBXBuildFile; fileRef = 4A0251691E99F29B004B732A /* MenuCell.swift */; };
		4A553BC81E98861600222A62 /* AppDelegate.swift in Sources */ = {isa = PBXBuildFile; fileRef = 4A553BC71E98861600222A62 /* AppDelegate.swift */; };
		4A553BCD1E98861600222A62 /* Main.storyboard in Resources */ = {isa = PBXBuildFile; fileRef = 4A553BCB1E98861600222A62 /* Main.storyboard */; };
		4A553BCF1E98861600222A62 /* Assets.xcassets in Resources */ = {isa = PBXBuildFile; fileRef = 4A553BCE1E98861600222A62 /* Assets.xcassets */; };
		4A553BD21E98861600222A62 /* LaunchScreen.storyboard in Resources */ = {isa = PBXBuildFile; fileRef = 4A553BD01E98861600222A62 /* LaunchScreen.storyboard */; };
		4A553BDD1E98861600222A62 /* TwitterViratTests.swift in Sources */ = {isa = PBXBuildFile; fileRef = 4A553BDC1E98861600222A62 /* TwitterViratTests.swift */; };
		4A553BE81E98861600222A62 /* TwitterViratUITests.swift in Sources */ = {isa = PBXBuildFile; fileRef = 4A553BE71E98861600222A62 /* TwitterViratUITests.swift */; };
		4A97E8611EA406470069E328 /* ProfileView.xib in Resources */ = {isa = PBXBuildFile; fileRef = 4A97E8601EA406470069E328 /* ProfileView.xib */; };
		4A97E8631EA406A60069E328 /* ProfileView.swift in Sources */ = {isa = PBXBuildFile; fileRef = 4A97E8621EA406A60069E328 /* ProfileView.swift */; };
		4AE4987D1E9888CB002F4586 /* LoginViewController.swift in Sources */ = {isa = PBXBuildFile; fileRef = 4AE4987C1E9888CB002F4586 /* LoginViewController.swift */; };
		5D5F780FDC6DF0BCF2D52DAC /* Pods_TwitterViratTests.framework in Frameworks */ = {isa = PBXBuildFile; fileRef = 662BABF127B5F1BF573D4B44 /* Pods_TwitterViratTests.framework */; };
		70778CF9D33F7FDFDF193D4D /* Pods_TwitterViratUITests.framework in Frameworks */ = {isa = PBXBuildFile; fileRef = 8B5BB6F068B0C495A3AB3C2D /* Pods_TwitterViratUITests.framework */; };
		B6C66E4BE3207A9A0DC8C7DB /* Pods_TwitterVirat.framework in Frameworks */ = {isa = PBXBuildFile; fileRef = 9B5628B494B8BA5270B2A712 /* Pods_TwitterVirat.framework */; };
/* End PBXBuildFile section */

/* Begin PBXContainerItemProxy section */
		4A553BD91E98861600222A62 /* PBXContainerItemProxy */ = {
			isa = PBXContainerItemProxy;
			containerPortal = 4A553BBC1E98861600222A62 /* Project object */;
			proxyType = 1;
			remoteGlobalIDString = 4A553BC31E98861600222A62;
			remoteInfo = TwitterVirat;
		};
		4A553BE41E98861600222A62 /* PBXContainerItemProxy */ = {
			isa = PBXContainerItemProxy;
			containerPortal = 4A553BBC1E98861600222A62 /* Project object */;
			proxyType = 1;
			remoteGlobalIDString = 4A553BC31E98861600222A62;
			remoteInfo = TwitterVirat;
		};
/* End PBXContainerItemProxy section */

/* Begin PBXFileReference section */
		166EE6572FE9234845709BCD /* Pods-TwitterViratUITests.release.xcconfig */ = {isa = PBXFileReference; includeInIndex = 1; lastKnownFileType = text.xcconfig; name = "Pods-TwitterViratUITests.release.xcconfig"; path = "Pods/Target Support Files/Pods-TwitterViratUITests/Pods-TwitterViratUITests.release.xcconfig"; sourceTree = "<group>"; };
		1BCFB49D92FB037C13511482 /* Pods-TwitterViratTests.release.xcconfig */ = {isa = PBXFileReference; includeInIndex = 1; lastKnownFileType = text.xcconfig; name = "Pods-TwitterViratTests.release.xcconfig"; path = "Pods/Target Support Files/Pods-TwitterViratTests/Pods-TwitterViratTests.release.xcconfig"; sourceTree = "<group>"; };
		28DE7E5AE795ADA40AA835C5 /* Pods-TwitterVirat.release.xcconfig */ = {isa = PBXFileReference; includeInIndex = 1; lastKnownFileType = text.xcconfig; name = "Pods-TwitterVirat.release.xcconfig"; path = "Pods/Target Support Files/Pods-TwitterVirat/Pods-TwitterVirat.release.xcconfig"; sourceTree = "<group>"; };
		4A0251531E995662004B732A /* User.swift */ = {isa = PBXFileReference; fileEncoding = 4; lastKnownFileType = sourcecode.swift; path = User.swift; sourceTree = "<group>"; };
		4A0251551E99566C004B732A /* Tweet.swift */ = {isa = PBXFileReference; fileEncoding = 4; lastKnownFileType = sourcecode.swift; path = Tweet.swift; sourceTree = "<group>"; };
		4A0251571E995AF9004B732A /* TwitterClient.swift */ = {isa = PBXFileReference; fileEncoding = 4; lastKnownFileType = sourcecode.swift; path = TwitterClient.swift; sourceTree = "<group>"; };
		4A0251591E9962D6004B732A /* TweetsViewController.swift */ = {isa = PBXFileReference; fileEncoding = 4; lastKnownFileType = sourcecode.swift; path = TweetsViewController.swift; sourceTree = "<group>"; };
		4A02515B1E998CDC004B732A /* TweetCell.swift */ = {isa = PBXFileReference; fileEncoding = 4; lastKnownFileType = sourcecode.swift; path = TweetCell.swift; sourceTree = "<group>"; };
		4A02515D1E999640004B732A /* ComposeTweetViewController.swift */ = {isa = PBXFileReference; fileEncoding = 4; lastKnownFileType = sourcecode.swift; path = ComposeTweetViewController.swift; sourceTree = "<group>"; };
		4A02515F1E999E3C004B732A /* TweetViewController.swift */ = {isa = PBXFileReference; fileEncoding = 4; lastKnownFileType = sourcecode.swift; path = TweetViewController.swift; sourceTree = "<group>"; };
		4A0251611E99A82C004B732A /* reply.pdf */ = {isa = PBXFileReference; lastKnownFileType = image.pdf; name = reply.pdf; path = ../../../../Downloads/reply.pdf; sourceTree = "<group>"; };
		4A0251631E99AB8B004B732A /* ProfileViewController.swift */ = {isa = PBXFileReference; fileEncoding = 4; lastKnownFileType = sourcecode.swift; path = ProfileViewController.swift; sourceTree = "<group>"; };
		4A0251651E99EE4D004B732A /* HamburgerViewController.swift */ = {isa = PBXFileReference; fileEncoding = 4; lastKnownFileType = sourcecode.swift; path = HamburgerViewController.swift; sourceTree = "<group>"; };
		4A0251671E99F263004B732A /* MenuViewController.swift */ = {isa = PBXFileReference; fileEncoding = 4; lastKnownFileType = sourcecode.swift; path = MenuViewController.swift; sourceTree = "<group>"; };
		4A0251691E99F29B004B732A /* MenuCell.swift */ = {isa = PBXFileReference; fileEncoding = 4; lastKnownFileType = sourcecode.swift; path = MenuCell.swift; sourceTree = "<group>"; };
		4A553BC41E98861600222A62 /* TwitterVirat.app */ = {isa = PBXFileReference; explicitFileType = wrapper.application; includeInIndex = 0; path = TwitterVirat.app; sourceTree = BUILT_PRODUCTS_DIR; };
		4A553BC71E98861600222A62 /* AppDelegate.swift */ = {isa = PBXFileReference; lastKnownFileType = sourcecode.swift; path = AppDelegate.swift; sourceTree = "<group>"; };
		4A553BCC1E98861600222A62 /* Base */ = {isa = PBXFileReference; lastKnownFileType = file.storyboard; name = Base; path = Base.lproj/Main.storyboard; sourceTree = "<group>"; };
		4A553BCE1E98861600222A62 /* Assets.xcassets */ = {isa = PBXFileReference; lastKnownFileType = folder.assetcatalog; path = Assets.xcassets; sourceTree = "<group>"; };
		4A553BD11E98861600222A62 /* Base */ = {isa = PBXFileReference; lastKnownFileType = file.storyboard; name = Base; path = Base.lproj/LaunchScreen.storyboard; sourceTree = "<group>"; };
		4A553BD31E98861600222A62 /* Info.plist */ = {isa = PBXFileReference; lastKnownFileType = text.plist.xml; path = Info.plist; sourceTree = "<group>"; };
		4A553BD81E98861600222A62 /* TwitterViratTests.xctest */ = {isa = PBXFileReference; explicitFileType = wrapper.cfbundle; includeInIndex = 0; path = TwitterViratTests.xctest; sourceTree = BUILT_PRODUCTS_DIR; };
		4A553BDC1E98861600222A62 /* TwitterViratTests.swift */ = {isa = PBXFileReference; lastKnownFileType = sourcecode.swift; path = TwitterViratTests.swift; sourceTree = "<group>"; };
		4A553BDE1E98861600222A62 /* Info.plist */ = {isa = PBXFileReference; lastKnownFileType = text.plist.xml; path = Info.plist; sourceTree = "<group>"; };
		4A553BE31E98861600222A62 /* TwitterViratUITests.xctest */ = {isa = PBXFileReference; explicitFileType = wrapper.cfbundle; includeInIndex = 0; path = TwitterViratUITests.xctest; sourceTree = BUILT_PRODUCTS_DIR; };
		4A553BE71E98861600222A62 /* TwitterViratUITests.swift */ = {isa = PBXFileReference; lastKnownFileType = sourcecode.swift; path = TwitterViratUITests.swift; sourceTree = "<group>"; };
		4A553BE91E98861600222A62 /* Info.plist */ = {isa = PBXFileReference; lastKnownFileType = text.plist.xml; path = Info.plist; sourceTree = "<group>"; };
		4A97E8601EA406470069E328 /* ProfileView.xib */ = {isa = PBXFileReference; fileEncoding = 4; lastKnownFileType = file.xib; path = ProfileView.xib; sourceTree = "<group>"; };
		4A97E8621EA406A60069E328 /* ProfileView.swift */ = {isa = PBXFileReference; fileEncoding = 4; lastKnownFileType = sourcecode.swift; path = ProfileView.swift; sourceTree = "<group>"; };
		4AE4987C1E9888CB002F4586 /* LoginViewController.swift */ = {isa = PBXFileReference; fileEncoding = 4; lastKnownFileType = sourcecode.swift; path = LoginViewController.swift; sourceTree = "<group>"; };
		662BABF127B5F1BF573D4B44 /* Pods_TwitterViratTests.framework */ = {isa = PBXFileReference; explicitFileType = wrapper.framework; includeInIndex = 0; path = Pods_TwitterViratTests.framework; sourceTree = BUILT_PRODUCTS_DIR; };
		8B5BB6F068B0C495A3AB3C2D /* Pods_TwitterViratUITests.framework */ = {isa = PBXFileReference; explicitFileType = wrapper.framework; includeInIndex = 0; path = Pods_TwitterViratUITests.framework; sourceTree = BUILT_PRODUCTS_DIR; };
		9B5628B494B8BA5270B2A712 /* Pods_TwitterVirat.framework */ = {isa = PBXFileReference; explicitFileType = wrapper.framework; includeInIndex = 0; path = Pods_TwitterVirat.framework; sourceTree = BUILT_PRODUCTS_DIR; };
		EF80655DDC0BD8DA2D17CC20 /* Pods-TwitterViratTests.debug.xcconfig */ = {isa = PBXFileReference; includeInIndex = 1; lastKnownFileType = text.xcconfig; name = "Pods-TwitterViratTests.debug.xcconfig"; path = "Pods/Target Support Files/Pods-TwitterViratTests/Pods-TwitterViratTests.debug.xcconfig"; sourceTree = "<group>"; };
		F6DD3EBAE50B150A1EFAD97B /* Pods-TwitterVirat.debug.xcconfig */ = {isa = PBXFileReference; includeInIndex = 1; lastKnownFileType = text.xcconfig; name = "Pods-TwitterVirat.debug.xcconfig"; path = "Pods/Target Support Files/Pods-TwitterVirat/Pods-TwitterVirat.debug.xcconfig"; sourceTree = "<group>"; };
		FE36CE2B64CEF2F1262CBEA7 /* Pods-TwitterViratUITests.debug.xcconfig */ = {isa = PBXFileReference; includeInIndex = 1; lastKnownFileType = text.xcconfig; name = "Pods-TwitterViratUITests.debug.xcconfig"; path = "Pods/Target Support Files/Pods-TwitterViratUITests/Pods-TwitterViratUITests.debug.xcconfig"; sourceTree = "<group>"; };
/* End PBXFileReference section */

/* Begin PBXFrameworksBuildPhase section */
		4A553BC11E98861600222A62 /* Frameworks */ = {
			isa = PBXFrameworksBuildPhase;
			buildActionMask = 2147483647;
			files = (
				B6C66E4BE3207A9A0DC8C7DB /* Pods_TwitterVirat.framework in Frameworks */,
			);
			runOnlyForDeploymentPostprocessing = 0;
		};
		4A553BD51E98861600222A62 /* Frameworks */ = {
			isa = PBXFrameworksBuildPhase;
			buildActionMask = 2147483647;
			files = (
				5D5F780FDC6DF0BCF2D52DAC /* Pods_TwitterViratTests.framework in Frameworks */,
			);
			runOnlyForDeploymentPostprocessing = 0;
		};
		4A553BE01E98861600222A62 /* Frameworks */ = {
			isa = PBXFrameworksBuildPhase;
			buildActionMask = 2147483647;
			files = (
				70778CF9D33F7FDFDF193D4D /* Pods_TwitterViratUITests.framework in Frameworks */,
			);
			runOnlyForDeploymentPostprocessing = 0;
		};
/* End PBXFrameworksBuildPhase section */

/* Begin PBXGroup section */
		262D82982C6772617CD65CC7 /* Pods */ = {
			isa = PBXGroup;
			children = (
				F6DD3EBAE50B150A1EFAD97B /* Pods-TwitterVirat.debug.xcconfig */,
				28DE7E5AE795ADA40AA835C5 /* Pods-TwitterVirat.release.xcconfig */,
				EF80655DDC0BD8DA2D17CC20 /* Pods-TwitterViratTests.debug.xcconfig */,
				1BCFB49D92FB037C13511482 /* Pods-TwitterViratTests.release.xcconfig */,
				FE36CE2B64CEF2F1262CBEA7 /* Pods-TwitterViratUITests.debug.xcconfig */,
				166EE6572FE9234845709BCD /* Pods-TwitterViratUITests.release.xcconfig */,
			);
			name = Pods;
			sourceTree = "<group>";
		};
		4A0251501E995630004B732A /* Models */ = {
			isa = PBXGroup;
			children = (
				4A0251531E995662004B732A /* User.swift */,
				4A0251551E99566C004B732A /* Tweet.swift */,
				4A02515B1E998CDC004B732A /* TweetCell.swift */,
				4A0251691E99F29B004B732A /* MenuCell.swift */,
			);
			name = Models;
			sourceTree = "<group>";
		};
		4A0251511E995637004B732A /* ViewControllers */ = {
			isa = PBXGroup;
			children = (
				4AE4987C1E9888CB002F4586 /* LoginViewController.swift */,
				4A0251591E9962D6004B732A /* TweetsViewController.swift */,
				4A02515D1E999640004B732A /* ComposeTweetViewController.swift */,
				4A02515F1E999E3C004B732A /* TweetViewController.swift */,
				4A0251631E99AB8B004B732A /* ProfileViewController.swift */,
				4A0251651E99EE4D004B732A /* HamburgerViewController.swift */,
				4A0251671E99F263004B732A /* MenuViewController.swift */,
			);
			name = ViewControllers;
			sourceTree = "<group>";
		};
		4A0251521E995647004B732A /* API */ = {
			isa = PBXGroup;
			children = (
				4A0251571E995AF9004B732A /* TwitterClient.swift */,
			);
			name = API;
			sourceTree = "<group>";
		};
		4A553BBB1E98861600222A62 = {
			isa = PBXGroup;
			children = (
				4A553BC61E98861600222A62 /* TwitterVirat */,
				4A553BDB1E98861600222A62 /* TwitterViratTests */,
				4A553BE61E98861600222A62 /* TwitterViratUITests */,
				4A553BC51E98861600222A62 /* Products */,
				262D82982C6772617CD65CC7 /* Pods */,
				6D1CEF374325A9097CF3B4EC /* Frameworks */,
			);
			sourceTree = "<group>";
		};
		4A553BC51E98861600222A62 /* Products */ = {
			isa = PBXGroup;
			children = (
				4A553BC41E98861600222A62 /* TwitterVirat.app */,
				4A553BD81E98861600222A62 /* TwitterViratTests.xctest */,
				4A553BE31E98861600222A62 /* TwitterViratUITests.xctest */,
			);
			name = Products;
			sourceTree = "<group>";
		};
		4A553BC61E98861600222A62 /* TwitterVirat */ = {
			isa = PBXGroup;
			children = (
				4A97E85F1EA4055B0069E328 /* Views */,
				4A0251521E995647004B732A /* API */,
				4A0251511E995637004B732A /* ViewControllers */,
				4A0251501E995630004B732A /* Models */,
				4A553BC71E98861600222A62 /* AppDelegate.swift */,
				4A553BCB1E98861600222A62 /* Main.storyboard */,
				4A553BCE1E98861600222A62 /* Assets.xcassets */,
				4A0251611E99A82C004B732A /* reply.pdf */,
				4A553BD01E98861600222A62 /* LaunchScreen.storyboard */,
				4A553BD31E98861600222A62 /* Info.plist */,
			);
			path = TwitterVirat;
			sourceTree = "<group>";
		};
		4A553BDB1E98861600222A62 /* TwitterViratTests */ = {
			isa = PBXGroup;
			children = (
				4A553BDC1E98861600222A62 /* TwitterViratTests.swift */,
				4A553BDE1E98861600222A62 /* Info.plist */,
			);
			path = TwitterViratTests;
			sourceTree = "<group>";
		};
		4A553BE61E98861600222A62 /* TwitterViratUITests */ = {
			isa = PBXGroup;
			children = (
				4A553BE71E98861600222A62 /* TwitterViratUITests.swift */,
				4A553BE91E98861600222A62 /* Info.plist */,
			);
			path = TwitterViratUITests;
			sourceTree = "<group>";
		};
		4A97E85F1EA4055B0069E328 /* Views */ = {
			isa = PBXGroup;
			children = (
				4A97E8601EA406470069E328 /* ProfileView.xib */,
				4A97E8621EA406A60069E328 /* ProfileView.swift */,
			);
			name = Views;
			sourceTree = "<group>";
		};
		6D1CEF374325A9097CF3B4EC /* Frameworks */ = {
			isa = PBXGroup;
			children = (
				9B5628B494B8BA5270B2A712 /* Pods_TwitterVirat.framework */,
				662BABF127B5F1BF573D4B44 /* Pods_TwitterViratTests.framework */,
				8B5BB6F068B0C495A3AB3C2D /* Pods_TwitterViratUITests.framework */,
			);
			name = Frameworks;
			sourceTree = "<group>";
		};
/* End PBXGroup section */

/* Begin PBXNativeTarget section */
		4A553BC31E98861600222A62 /* TwitterVirat */ = {
			isa = PBXNativeTarget;
			buildConfigurationList = 4A553BEC1E98861600222A62 /* Build configuration list for PBXNativeTarget "TwitterVirat" */;
			buildPhases = (
				D66DDC87DA9D9E938A2204E9 /* [CP] Check Pods Manifest.lock */,
				4A553BC01E98861600222A62 /* Sources */,
				4A553BC11E98861600222A62 /* Frameworks */,
				4A553BC21E98861600222A62 /* Resources */,
				C5C742A190A301486F8711ED /* [CP] Embed Pods Frameworks */,
				E6C1827A75749B3E1CF6DA78 /* [CP] Copy Pods Resources */,
			);
			buildRules = (
			);
			dependencies = (
			);
			name = TwitterVirat;
			productName = TwitterVirat;
			productReference = 4A553BC41E98861600222A62 /* TwitterVirat.app */;
			productType = "com.apple.product-type.application";
		};
		4A553BD71E98861600222A62 /* TwitterViratTests */ = {
			isa = PBXNativeTarget;
			buildConfigurationList = 4A553BEF1E98861600222A62 /* Build configuration list for PBXNativeTarget "TwitterViratTests" */;
			buildPhases = (
				3AB0CF3D42E857AA6410A857 /* [CP] Check Pods Manifest.lock */,
				4A553BD41E98861600222A62 /* Sources */,
				4A553BD51E98861600222A62 /* Frameworks */,
				4A553BD61E98861600222A62 /* Resources */,
				332A7407308467C0C456BCD2 /* [CP] Embed Pods Frameworks */,
				0E1AE990750AE75AC86FCE7E /* [CP] Copy Pods Resources */,
			);
			buildRules = (
			);
			dependencies = (
				4A553BDA1E98861600222A62 /* PBXTargetDependency */,
			);
			name = TwitterViratTests;
			productName = TwitterViratTests;
			productReference = 4A553BD81E98861600222A62 /* TwitterViratTests.xctest */;
			productType = "com.apple.product-type.bundle.unit-test";
		};
		4A553BE21E98861600222A62 /* TwitterViratUITests */ = {
			isa = PBXNativeTarget;
			buildConfigurationList = 4A553BF21E98861600222A62 /* Build configuration list for PBXNativeTarget "TwitterViratUITests" */;
			buildPhases = (
				5CDFBE2B7124A9370D23C985 /* [CP] Check Pods Manifest.lock */,
				4A553BDF1E98861600222A62 /* Sources */,
				4A553BE01E98861600222A62 /* Frameworks */,
				4A553BE11E98861600222A62 /* Resources */,
				F6C74C3C06D7FC6D6470EA0D /* [CP] Embed Pods Frameworks */,
				D802BB862EA1CC1E7A0A3164 /* [CP] Copy Pods Resources */,
			);
			buildRules = (
			);
			dependencies = (
				4A553BE51E98861600222A62 /* PBXTargetDependency */,
			);
			name = TwitterViratUITests;
			productName = TwitterViratUITests;
			productReference = 4A553BE31E98861600222A62 /* TwitterViratUITests.xctest */;
			productType = "com.apple.product-type.bundle.ui-testing";
		};
/* End PBXNativeTarget section */

/* Begin PBXProject section */
		4A553BBC1E98861600222A62 /* Project object */ = {
			isa = PBXProject;
			attributes = {
				LastSwiftUpdateCheck = 0820;
				LastUpgradeCheck = 0820;
				ORGANIZATIONNAME = viratsingh;
				TargetAttributes = {
					4A553BC31E98861600222A62 = {
						CreatedOnToolsVersion = 8.2;
						ProvisioningStyle = Automatic;
					};
					4A553BD71E98861600222A62 = {
						CreatedOnToolsVersion = 8.2;
						ProvisioningStyle = Automatic;
						TestTargetID = 4A553BC31E98861600222A62;
					};
					4A553BE21E98861600222A62 = {
						CreatedOnToolsVersion = 8.2;
						ProvisioningStyle = Automatic;
						TestTargetID = 4A553BC31E98861600222A62;
					};
				};
			};
			buildConfigurationList = 4A553BBF1E98861600222A62 /* Build configuration list for PBXProject "TwitterVirat" */;
			compatibilityVersion = "Xcode 3.2";
			developmentRegion = English;
			hasScannedForEncodings = 0;
			knownRegions = (
				en,
				Base,
			);
			mainGroup = 4A553BBB1E98861600222A62;
			productRefGroup = 4A553BC51E98861600222A62 /* Products */;
			projectDirPath = "";
			projectRoot = "";
			targets = (
				4A553BC31E98861600222A62 /* TwitterVirat */,
				4A553BD71E98861600222A62 /* TwitterViratTests */,
				4A553BE21E98861600222A62 /* TwitterViratUITests */,
			);
		};
/* End PBXProject section */

/* Begin PBXResourcesBuildPhase section */
		4A553BC21E98861600222A62 /* Resources */ = {
			isa = PBXResourcesBuildPhase;
			buildActionMask = 2147483647;
			files = (
				4A553BD21E98861600222A62 /* LaunchScreen.storyboard in Resources */,
				4A97E8611EA406470069E328 /* ProfileView.xib in Resources */,
				4A0251621E99A82C004B732A /* reply.pdf in Resources */,
				4A553BCF1E98861600222A62 /* Assets.xcassets in Resources */,
				4A553BCD1E98861600222A62 /* Main.storyboard in Resources */,
			);
			runOnlyForDeploymentPostprocessing = 0;
		};
		4A553BD61E98861600222A62 /* Resources */ = {
			isa = PBXResourcesBuildPhase;
			buildActionMask = 2147483647;
			files = (
			);
			runOnlyForDeploymentPostprocessing = 0;
		};
		4A553BE11E98861600222A62 /* Resources */ = {
			isa = PBXResourcesBuildPhase;
			buildActionMask = 2147483647;
			files = (
			);
			runOnlyForDeploymentPostprocessing = 0;
		};
/* End PBXResourcesBuildPhase section */

/* Begin PBXShellScriptBuildPhase section */
		0E1AE990750AE75AC86FCE7E /* [CP] Copy Pods Resources */ = {
			isa = PBXShellScriptBuildPhase;
			buildActionMask = 2147483647;
			files = (
			);
			inputPaths = (
			);
			name = "[CP] Copy Pods Resources";
			outputPaths = (
			);
			runOnlyForDeploymentPostprocessing = 0;
			shellPath = /bin/sh;
			shellScript = "\"${SRCROOT}/Pods/Target Support Files/Pods-TwitterViratTests/Pods-TwitterViratTests-resources.sh\"\n";
			showEnvVarsInLog = 0;
		};
		332A7407308467C0C456BCD2 /* [CP] Embed Pods Frameworks */ = {
			isa = PBXShellScriptBuildPhase;
			buildActionMask = 2147483647;
			files = (
			);
			inputPaths = (
			);
			name = "[CP] Embed Pods Frameworks";
			outputPaths = (
			);
			runOnlyForDeploymentPostprocessing = 0;
			shellPath = /bin/sh;
			shellScript = "\"${SRCROOT}/Pods/Target Support Files/Pods-TwitterViratTests/Pods-TwitterViratTests-frameworks.sh\"\n";
			showEnvVarsInLog = 0;
		};
		3AB0CF3D42E857AA6410A857 /* [CP] Check Pods Manifest.lock */ = {
			isa = PBXShellScriptBuildPhase;
			buildActionMask = 2147483647;
			files = (
			);
			inputPaths = (
			);
			name = "[CP] Check Pods Manifest.lock";
			outputPaths = (
			);
			runOnlyForDeploymentPostprocessing = 0;
			shellPath = /bin/sh;
			shellScript = "diff \"${PODS_ROOT}/../Podfile.lock\" \"${PODS_ROOT}/Manifest.lock\" > /dev/null\nif [ $? != 0 ] ; then\n    # print error to STDERR\n    echo \"error: The sandbox is not in sync with the Podfile.lock. Run 'pod install' or update your CocoaPods installation.\" >&2\n    exit 1\nfi\n";
			showEnvVarsInLog = 0;
		};
		5CDFBE2B7124A9370D23C985 /* [CP] Check Pods Manifest.lock */ = {
			isa = PBXShellScriptBuildPhase;
			buildActionMask = 2147483647;
			files = (
			);
			inputPaths = (
			);
			name = "[CP] Check Pods Manifest.lock";
			outputPaths = (
			);
			runOnlyForDeploymentPostprocessing = 0;
			shellPath = /bin/sh;
			shellScript = "diff \"${PODS_ROOT}/../Podfile.lock\" \"${PODS_ROOT}/Manifest.lock\" > /dev/null\nif [ $? != 0 ] ; then\n    # print error to STDERR\n    echo \"error: The sandbox is not in sync with the Podfile.lock. Run 'pod install' or update your CocoaPods installation.\" >&2\n    exit 1\nfi\n";
			showEnvVarsInLog = 0;
		};
		C5C742A190A301486F8711ED /* [CP] Embed Pods Frameworks */ = {
			isa = PBXShellScriptBuildPhase;
			buildActionMask = 2147483647;
			files = (
			);
			inputPaths = (
			);
			name = "[CP] Embed Pods Frameworks";
			outputPaths = (
			);
			runOnlyForDeploymentPostprocessing = 0;
			shellPath = /bin/sh;
			shellScript = "\"${SRCROOT}/Pods/Target Support Files/Pods-TwitterVirat/Pods-TwitterVirat-frameworks.sh\"\n";
			showEnvVarsInLog = 0;
		};
		D66DDC87DA9D9E938A2204E9 /* [CP] Check Pods Manifest.lock */ = {
			isa = PBXShellScriptBuildPhase;
			buildActionMask = 2147483647;
			files = (
			);
			inputPaths = (
			);
			name = "[CP] Check Pods Manifest.lock";
			outputPaths = (
			);
			runOnlyForDeploymentPostprocessing = 0;
			shellPath = /bin/sh;
			shellScript = "diff \"${PODS_ROOT}/../Podfile.lock\" \"${PODS_ROOT}/Manifest.lock\" > /dev/null\nif [ $? != 0 ] ; then\n    # print error to STDERR\n    echo \"error: The sandbox is not in sync with the Podfile.lock. Run 'pod install' or update your CocoaPods installation.\" >&2\n    exit 1\nfi\n";
			showEnvVarsInLog = 0;
		};
		D802BB862EA1CC1E7A0A3164 /* [CP] Copy Pods Resources */ = {
			isa = PBXShellScriptBuildPhase;
			buildActionMask = 2147483647;
			files = (
			);
			inputPaths = (
			);
			name = "[CP] Copy Pods Resources";
			outputPaths = (
			);
			runOnlyForDeploymentPostprocessing = 0;
			shellPath = /bin/sh;
			shellScript = "\"${SRCROOT}/Pods/Target Support Files/Pods-TwitterViratUITests/Pods-TwitterViratUITests-resources.sh\"\n";
			showEnvVarsInLog = 0;
		};
		E6C1827A75749B3E1CF6DA78 /* [CP] Copy Pods Resources */ = {
			isa = PBXShellScriptBuildPhase;
			buildActionMask = 2147483647;
			files = (
			);
			inputPaths = (
			);
			name = "[CP] Copy Pods Resources";
			outputPaths = (
			);
			runOnlyForDeploymentPostprocessing = 0;
			shellPath = /bin/sh;
			shellScript = "\"${SRCROOT}/Pods/Target Support Files/Pods-TwitterVirat/Pods-TwitterVirat-resources.sh\"\n";
			showEnvVarsInLog = 0;
		};
		F6C74C3C06D7FC6D6470EA0D /* [CP] Embed Pods Frameworks */ = {
			isa = PBXShellScriptBuildPhase;
			buildActionMask = 2147483647;
			files = (
			);
			inputPaths = (
			);
			name = "[CP] Embed Pods Frameworks";
			outputPaths = (
			);
			runOnlyForDeploymentPostprocessing = 0;
			shellPath = /bin/sh;
			shellScript = "\"${SRCROOT}/Pods/Target Support Files/Pods-TwitterViratUITests/Pods-TwitterViratUITests-frameworks.sh\"\n";
			showEnvVarsInLog = 0;
		};
/* End PBXShellScriptBuildPhase section */

/* Begin PBXSourcesBuildPhase section */
		4A553BC01E98861600222A62 /* Sources */ = {
			isa = PBXSourcesBuildPhase;
			buildActionMask = 2147483647;
			files = (
				4A0251581E995AF9004B732A /* TwitterClient.swift in Sources */,
				4A02515C1E998CDC004B732A /* TweetCell.swift in Sources */,
				4A0251641E99AB8B004B732A /* ProfileViewController.swift in Sources */,
				4A0251601E999E3C004B732A /* TweetViewController.swift in Sources */,
				4A02515E1E999640004B732A /* ComposeTweetViewController.swift in Sources */,
				4AE4987D1E9888CB002F4586 /* LoginViewController.swift in Sources */,
				4A02515A1E9962D6004B732A /* TweetsViewController.swift in Sources */,
				4A0251681E99F263004B732A /* MenuViewController.swift in Sources */,
				4A553BC81E98861600222A62 /* AppDelegate.swift in Sources */,
				4A0251541E995662004B732A /* User.swift in Sources */,
				4A0251661E99EE4D004B732A /* HamburgerViewController.swift in Sources */,
				4A02516A1E99F29B004B732A /* MenuCell.swift in Sources */,
				4A97E8631EA406A60069E328 /* ProfileView.swift in Sources */,
				4A0251561E99566C004B732A /* Tweet.swift in Sources */,
			);
			runOnlyForDeploymentPostprocessing = 0;
		};
		4A553BD41E98861600222A62 /* Sources */ = {
			isa = PBXSourcesBuildPhase;
			buildActionMask = 2147483647;
			files = (
				4A553BDD1E98861600222A62 /* TwitterViratTests.swift in Sources */,
			);
			runOnlyForDeploymentPostprocessing = 0;
		};
		4A553BDF1E98861600222A62 /* Sources */ = {
			isa = PBXSourcesBuildPhase;
			buildActionMask = 2147483647;
			files = (
				4A553BE81E98861600222A62 /* TwitterViratUITests.swift in Sources */,
			);
			runOnlyForDeploymentPostprocessing = 0;
		};
/* End PBXSourcesBuildPhase section */

/* Begin PBXTargetDependency section */
		4A553BDA1E98861600222A62 /* PBXTargetDependency */ = {
			isa = PBXTargetDependency;
			target = 4A553BC31E98861600222A62 /* TwitterVirat */;
			targetProxy = 4A553BD91E98861600222A62 /* PBXContainerItemProxy */;
		};
		4A553BE51E98861600222A62 /* PBXTargetDependency */ = {
			isa = PBXTargetDependency;
			target = 4A553BC31E98861600222A62 /* TwitterVirat */;
			targetProxy = 4A553BE41E98861600222A62 /* PBXContainerItemProxy */;
		};
/* End PBXTargetDependency section */

/* Begin PBXVariantGroup section */
		4A553BCB1E98861600222A62 /* Main.storyboard */ = {
			isa = PBXVariantGroup;
			children = (
				4A553BCC1E98861600222A62 /* Base */,
			);
			name = Main.storyboard;
			sourceTree = "<group>";
		};
		4A553BD01E98861600222A62 /* LaunchScreen.storyboard */ = {
			isa = PBXVariantGroup;
			children = (
				4A553BD11E98861600222A62 /* Base */,
			);
			name = LaunchScreen.storyboard;
			sourceTree = "<group>";
		};
/* End PBXVariantGroup section */

/* Begin XCBuildConfiguration section */
		4A553BEA1E98861600222A62 /* Debug */ = {
			isa = XCBuildConfiguration;
			buildSettings = {
				ALWAYS_SEARCH_USER_PATHS = NO;
				CLANG_ANALYZER_NONNULL = YES;
				CLANG_CXX_LANGUAGE_STANDARD = "gnu++0x";
				CLANG_CXX_LIBRARY = "libc++";
				CLANG_ENABLE_MODULES = YES;
				CLANG_ENABLE_OBJC_ARC = YES;
				CLANG_WARN_BOOL_CONVERSION = YES;
				CLANG_WARN_CONSTANT_CONVERSION = YES;
				CLANG_WARN_DIRECT_OBJC_ISA_USAGE = YES_ERROR;
				CLANG_WARN_DOCUMENTATION_COMMENTS = YES;
				CLANG_WARN_EMPTY_BODY = YES;
				CLANG_WARN_ENUM_CONVERSION = YES;
				CLANG_WARN_INFINITE_RECURSION = YES;
				CLANG_WARN_INT_CONVERSION = YES;
				CLANG_WARN_OBJC_ROOT_CLASS = YES_ERROR;
				CLANG_WARN_SUSPICIOUS_MOVE = YES;
				CLANG_WARN_UNREACHABLE_CODE = YES;
				CLANG_WARN__DUPLICATE_METHOD_MATCH = YES;
				"CODE_SIGN_IDENTITY[sdk=iphoneos*]" = "iPhone Developer";
				COPY_PHASE_STRIP = NO;
				DEBUG_INFORMATION_FORMAT = dwarf;
				ENABLE_STRICT_OBJC_MSGSEND = YES;
				ENABLE_TESTABILITY = YES;
				GCC_C_LANGUAGE_STANDARD = gnu99;
				GCC_DYNAMIC_NO_PIC = NO;
				GCC_NO_COMMON_BLOCKS = YES;
				GCC_OPTIMIZATION_LEVEL = 0;
				GCC_PREPROCESSOR_DEFINITIONS = (
					"DEBUG=1",
					"$(inherited)",
				);
				GCC_WARN_64_TO_32_BIT_CONVERSION = YES;
				GCC_WARN_ABOUT_RETURN_TYPE = YES_ERROR;
				GCC_WARN_UNDECLARED_SELECTOR = YES;
				GCC_WARN_UNINITIALIZED_AUTOS = YES_AGGRESSIVE;
				GCC_WARN_UNUSED_FUNCTION = YES;
				GCC_WARN_UNUSED_VARIABLE = YES;
				IPHONEOS_DEPLOYMENT_TARGET = 10.2;
				MTL_ENABLE_DEBUG_INFO = YES;
				ONLY_ACTIVE_ARCH = YES;
				SDKROOT = iphoneos;
				SWIFT_ACTIVE_COMPILATION_CONDITIONS = DEBUG;
				SWIFT_OPTIMIZATION_LEVEL = "-Onone";
				TARGETED_DEVICE_FAMILY = "1,2";
			};
			name = Debug;
		};
		4A553BEB1E98861600222A62 /* Release */ = {
			isa = XCBuildConfiguration;
			buildSettings = {
				ALWAYS_SEARCH_USER_PATHS = NO;
				CLANG_ANALYZER_NONNULL = YES;
				CLANG_CXX_LANGUAGE_STANDARD = "gnu++0x";
				CLANG_CXX_LIBRARY = "libc++";
				CLANG_ENABLE_MODULES = YES;
				CLANG_ENABLE_OBJC_ARC = YES;
				CLANG_WARN_BOOL_CONVERSION = YES;
				CLANG_WARN_CONSTANT_CONVERSION = YES;
				CLANG_WARN_DIRECT_OBJC_ISA_USAGE = YES_ERROR;
				CLANG_WARN_DOCUMENTATION_COMMENTS = YES;
				CLANG_WARN_EMPTY_BODY = YES;
				CLANG_WARN_ENUM_CONVERSION = YES;
				CLANG_WARN_INFINITE_RECURSION = YES;
				CLANG_WARN_INT_CONVERSION = YES;
				CLANG_WARN_OBJC_ROOT_CLASS = YES_ERROR;
				CLANG_WARN_SUSPICIOUS_MOVE = YES;
				CLANG_WARN_UNREACHABLE_CODE = YES;
				CLANG_WARN__DUPLICATE_METHOD_MATCH = YES;
				"CODE_SIGN_IDENTITY[sdk=iphoneos*]" = "iPhone Developer";
				COPY_PHASE_STRIP = NO;
				DEBUG_INFORMATION_FORMAT = "dwarf-with-dsym";
				ENABLE_NS_ASSERTIONS = NO;
				ENABLE_STRICT_OBJC_MSGSEND = YES;
				GCC_C_LANGUAGE_STANDARD = gnu99;
				GCC_NO_COMMON_BLOCKS = YES;
				GCC_WARN_64_TO_32_BIT_CONVERSION = YES;
				GCC_WARN_ABOUT_RETURN_TYPE = YES_ERROR;
				GCC_WARN_UNDECLARED_SELECTOR = YES;
				GCC_WARN_UNINITIALIZED_AUTOS = YES_AGGRESSIVE;
				GCC_WARN_UNUSED_FUNCTION = YES;
				GCC_WARN_UNUSED_VARIABLE = YES;
				IPHONEOS_DEPLOYMENT_TARGET = 10.2;
				MTL_ENABLE_DEBUG_INFO = NO;
				SDKROOT = iphoneos;
				SWIFT_OPTIMIZATION_LEVEL = "-Owholemodule";
				TARGETED_DEVICE_FAMILY = "1,2";
				VALIDATE_PRODUCT = YES;
			};
			name = Release;
		};
		4A553BED1E98861600222A62 /* Debug */ = {
			isa = XCBuildConfiguration;
			baseConfigurationReference = F6DD3EBAE50B150A1EFAD97B /* Pods-TwitterVirat.debug.xcconfig */;
			buildSettings = {
				ASSETCATALOG_COMPILER_APPICON_NAME = AppIcon;
				INFOPLIST_FILE = TwitterVirat/Info.plist;
				LD_RUNPATH_SEARCH_PATHS = "$(inherited) @executable_path/Frameworks";
				PRODUCT_BUNDLE_IDENTIFIER = com.viratsingh.TwitterVirat;
				PRODUCT_NAME = "$(TARGET_NAME)";
				SWIFT_VERSION = 3.0;
			};
			name = Debug;
		};
		4A553BEE1E98861600222A62 /* Release */ = {
			isa = XCBuildConfiguration;
			baseConfigurationReference = 28DE7E5AE795ADA40AA835C5 /* Pods-TwitterVirat.release.xcconfig */;
			buildSettings = {
				ASSETCATALOG_COMPILER_APPICON_NAME = AppIcon;
				INFOPLIST_FILE = TwitterVirat/Info.plist;
				LD_RUNPATH_SEARCH_PATHS = "$(inherited) @executable_path/Frameworks";
				PRODUCT_BUNDLE_IDENTIFIER = com.viratsingh.TwitterVirat;
				PRODUCT_NAME = "$(TARGET_NAME)";
				SWIFT_VERSION = 3.0;
			};
			name = Release;
		};
		4A553BF01E98861600222A62 /* Debug */ = {
			isa = XCBuildConfiguration;
			baseConfigurationReference = EF80655DDC0BD8DA2D17CC20 /* Pods-TwitterViratTests.debug.xcconfig */;
			buildSettings = {
				ALWAYS_EMBED_SWIFT_STANDARD_LIBRARIES = YES;
				BUNDLE_LOADER = "$(TEST_HOST)";
				INFOPLIST_FILE = TwitterViratTests/Info.plist;
				LD_RUNPATH_SEARCH_PATHS = "$(inherited) @executable_path/Frameworks @loader_path/Frameworks";
				PRODUCT_BUNDLE_IDENTIFIER = com.viratsingh.TwitterViratTests;
				PRODUCT_NAME = "$(TARGET_NAME)";
				SWIFT_VERSION = 3.0;
				TEST_HOST = "$(BUILT_PRODUCTS_DIR)/TwitterVirat.app/TwitterVirat";
			};
			name = Debug;
		};
		4A553BF11E98861600222A62 /* Release */ = {
			isa = XCBuildConfiguration;
			baseConfigurationReference = 1BCFB49D92FB037C13511482 /* Pods-TwitterViratTests.release.xcconfig */;
			buildSettings = {
				ALWAYS_EMBED_SWIFT_STANDARD_LIBRARIES = YES;
				BUNDLE_LOADER = "$(TEST_HOST)";
				INFOPLIST_FILE = TwitterViratTests/Info.plist;
				LD_RUNPATH_SEARCH_PATHS = "$(inherited) @executable_path/Frameworks @loader_path/Frameworks";
				PRODUCT_BUNDLE_IDENTIFIER = com.viratsingh.TwitterViratTests;
				PRODUCT_NAME = "$(TARGET_NAME)";
				SWIFT_VERSION = 3.0;
				TEST_HOST = "$(BUILT_PRODUCTS_DIR)/TwitterVirat.app/TwitterVirat";
			};
			name = Release;
		};
		4A553BF31E98861600222A62 /* Debug */ = {
			isa = XCBuildConfiguration;
			baseConfigurationReference = FE36CE2B64CEF2F1262CBEA7 /* Pods-TwitterViratUITests.debug.xcconfig */;
			buildSettings = {
				ALWAYS_EMBED_SWIFT_STANDARD_LIBRARIES = YES;
				INFOPLIST_FILE = TwitterViratUITests/Info.plist;
				LD_RUNPATH_SEARCH_PATHS = "$(inherited) @executable_path/Frameworks @loader_path/Frameworks";
				PRODUCT_BUNDLE_IDENTIFIER = com.viratsingh.TwitterViratUITests;
				PRODUCT_NAME = "$(TARGET_NAME)";
				SWIFT_VERSION = 3.0;
				TEST_TARGET_NAME = TwitterVirat;
			};
			name = Debug;
		};
		4A553BF41E98861600222A62 /* Release */ = {
			isa = XCBuildConfiguration;
			baseConfigurationReference = 166EE6572FE9234845709BCD /* Pods-TwitterViratUITests.release.xcconfig */;
			buildSettings = {
				ALWAYS_EMBED_SWIFT_STANDARD_LIBRARIES = YES;
				INFOPLIST_FILE = TwitterViratUITests/Info.plist;
				LD_RUNPATH_SEARCH_PATHS = "$(inherited) @executable_path/Frameworks @loader_path/Frameworks";
				PRODUCT_BUNDLE_IDENTIFIER = com.viratsingh.TwitterViratUITests;
				PRODUCT_NAME = "$(TARGET_NAME)";
				SWIFT_VERSION = 3.0;
				TEST_TARGET_NAME = TwitterVirat;
			};
			name = Release;
		};
/* End XCBuildConfiguration section */

/* Begin XCConfigurationList section */
		4A553BBF1E98861600222A62 /* Build configuration list for PBXProject "TwitterVirat" */ = {
			isa = XCConfigurationList;
			buildConfigurations = (
				4A553BEA1E98861600222A62 /* Debug */,
				4A553BEB1E98861600222A62 /* Release */,
			);
			defaultConfigurationIsVisible = 0;
			defaultConfigurationName = Release;
		};
		4A553BEC1E98861600222A62 /* Build configuration list for PBXNativeTarget "TwitterVirat" */ = {
			isa = XCConfigurationList;
			buildConfigurations = (
				4A553BED1E98861600222A62 /* Debug */,
				4A553BEE1E98861600222A62 /* Release */,
			);
			defaultConfigurationIsVisible = 0;
			defaultConfigurationName = Release;
		};
		4A553BEF1E98861600222A62 /* Build configuration list for PBXNativeTarget "TwitterViratTests" */ = {
			isa = XCConfigurationList;
			buildConfigurations = (
				4A553BF01E98861600222A62 /* Debug */,
				4A553BF11E98861600222A62 /* Release */,
			);
			defaultConfigurationIsVisible = 0;
			defaultConfigurationName = Release;
		};
		4A553BF21E98861600222A62 /* Build configuration list for PBXNativeTarget "TwitterViratUITests" */ = {
			isa = XCConfigurationList;
			buildConfigurations = (
				4A553BF31E98861600222A62 /* Debug */,
				4A553BF41E98861600222A62 /* Release */,
			);
			defaultConfigurationIsVisible = 0;
			defaultConfigurationName = Release;
		};
/* End XCConfigurationList section */
	};
	rootObject = 4A553BBC1E98861600222A62 /* Project object */;
}
